{
    "_readme": [
        "This file locks the dependencies of your project to a known state",
        "Read more about it at https://getcomposer.org/doc/01-basic-usage.md#installing-dependencies",
        "This file is @generated automatically"
    ],
    "content-hash": "b2b775d343fac8fefe109b1d1e3e99bc",
    "packages": [
        {
            "name": "imangazaliev/didom",
            "version": "1.16",
            "source": {
                "type": "git",
                "url": "https://github.com/Imangazaliev/DiDOM.git",
                "reference": "c2a8bd08679d2eec856782277267a48553322c7e"
            },
            "dist": {
                "type": "zip",
                "url": "https://api.github.com/repos/Imangazaliev/DiDOM/zipball/c2a8bd08679d2eec856782277267a48553322c7e",
                "reference": "c2a8bd08679d2eec856782277267a48553322c7e",
                "shasum": ""
            },
            "require": {
                "ext-dom": "*",
                "ext-iconv": "*",
                "php": ">=5.4"
            },
            "require-dev": {
                "phpunit/phpunit": "^4.8"
            },
            "type": "library",
            "autoload": {
                "psr-4": {
                    "DiDom\\": "src/DiDom/"
                }
            },
            "notification-url": "https://packagist.org/downloads/",
            "license": [
                "MIT"
            ],
            "authors": [
                {
                    "name": "Imangazaliev Muhammad",
                    "email": "imangazalievm@gmail.com"
                }
            ],
            "description": "Simple and fast HTML parser",
            "homepage": "https://github.com/Imangazaliev/DiDOM",
            "keywords": [
                "didom",
                "html",
                "parser",
                "xml"
            ],
            "time": "2020-05-12T21:04:30+00:00"
        },
        {
            "name": "jackdtaylor/dpr",
            "version": "1.0.1",
            "source": {
                "type": "git",
                "url": "https://github.com/JackDTaylor/dpr.git",
                "reference": "d374da4d294b5af116647f84e553053b0fbb9f7a"
            },
            "dist": {
                "type": "zip",
                "url": "https://api.github.com/repos/JackDTaylor/dpr/zipball/d374da4d294b5af116647f84e553053b0fbb9f7a",
                "reference": "d374da4d294b5af116647f84e553053b0fbb9f7a",
                "shasum": ""
            },
            "require": {
                "php": ">=5.2.0"
            },
            "type": "library",
            "autoload": {
                "files": [
                    "dpr.php"
                ]
            },
            "notification-url": "https://packagist.org/downloads/",
            "license": [
                "WTFPL"
            ],
            "authors": [
                {
                    "name": "Jack D. Taylor",
                    "email": "msec.nt@gmail.com",
                    "homepage": "https://github.com/JackDTaylor"
                }
            ],
            "description": "die(print_r()) helper functions",
            "homepage": "https://github.com/JackDTaylor/dpr",
            "keywords": [
                "debug",
                "log",
                "print_r",
                "var_dump"
            ],
            "time": "2020-08-25T16:53:28+00:00"
        },
        {
            "name": "opis/closure",
            "version": "3.5.6",
            "source": {
                "type": "git",
                "url": "https://github.com/opis/closure.git",
                "reference": "e8d34df855b0a0549a300cb8cb4db472556e8aa9"
            },
            "dist": {
                "type": "zip",
                "url": "https://api.github.com/repos/opis/closure/zipball/e8d34df855b0a0549a300cb8cb4db472556e8aa9",
                "reference": "e8d34df855b0a0549a300cb8cb4db472556e8aa9",
                "shasum": ""
            },
            "require": {
                "php": "^5.4 || ^7.0"
            },
            "require-dev": {
                "jeremeamia/superclosure": "^2.0",
                "phpunit/phpunit": "^4.0 || ^5.0 || ^6.0 || ^7.0"
            },
            "type": "library",
            "extra": {
                "branch-alias": {
                    "dev-master": "3.5.x-dev"
                }
            },
            "autoload": {
                "psr-4": {
                    "Opis\\Closure\\": "src/"
                },
                "files": [
                    "functions.php"
                ]
            },
            "notification-url": "https://packagist.org/downloads/",
            "license": [
                "MIT"
            ],
            "authors": [
                {
                    "name": "Marius Sarca",
                    "email": "marius.sarca@gmail.com"
                },
                {
                    "name": "Sorin Sarca",
                    "email": "sarca_sorin@hotmail.com"
                }
            ],
            "description": "A library that can be used to serialize closures (anonymous functions) and arbitrary objects.",
            "homepage": "https://opis.io/closure",
            "keywords": [
                "anonymous functions",
                "closure",
                "function",
                "serializable",
                "serialization",
                "serialize"
            ],
            "time": "2020-08-11T08:46:50+00:00"
        }
    ],
    "packages-dev": [],
    "aliases": [],
    "minimum-stability": "stable",
    "stability-flags": [],
    "prefer-stable": false,
    "prefer-lowest": false,
    "platform": {
        "php": "^7.4",
        "ext-mbstring": "*",
        "ext-json": "*",
        "ext-iconv": "*"
    },
    "platform-dev": []
}
